// !$*UTF8*$!
{
	archiveVersion = 1;
	classes = {
	};
	objectVersion = 56;
	objects = {

/* Begin PBXBuildFile section */
		10C30F46290F890C00107708 /* schema.json in Resources */ = {isa = PBXBuildFile; fileRef = 10C30F45290F890C00107708 /* schema.json */; };
		10C30F4B290F89A700107708 /* LaunchList.graphql in Sources */ = {isa = PBXBuildFile; fileRef = 10C30F4A290F89A700107708 /* LaunchList.graphql */; };
		10DEBF75290C2F6000676E52 /* SwiftUiWithgraphQLApp.swift in Sources */ = {isa = PBXBuildFile; fileRef = 10DEBF74290C2F6000676E52 /* SwiftUiWithgraphQLApp.swift */; };
		10DEBF77290C2F6000676E52 /* ContentView.swift in Sources */ = {isa = PBXBuildFile; fileRef = 10DEBF76290C2F6000676E52 /* ContentView.swift */; };
		10DEBF79290C2F6100676E52 /* Assets.xcassets in Resources */ = {isa = PBXBuildFile; fileRef = 10DEBF78290C2F6100676E52 /* Assets.xcassets */; };
		10DEBF7C290C2F6100676E52 /* Preview Assets.xcassets in Resources */ = {isa = PBXBuildFile; fileRef = 10DEBF7B290C2F6100676E52 /* Preview Assets.xcassets */; };
		10DEBF86290C2F6100676E52 /* SwiftUiWithgraphQLTests.swift in Sources */ = {isa = PBXBuildFile; fileRef = 10DEBF85290C2F6100676E52 /* SwiftUiWithgraphQLTests.swift */; };
		10DEBF90290C2F6100676E52 /* SwiftUiWithgraphQLUITests.swift in Sources */ = {isa = PBXBuildFile; fileRef = 10DEBF8F290C2F6100676E52 /* SwiftUiWithgraphQLUITests.swift */; };
		10DEBF92290C2F6100676E52 /* SwiftUiWithgraphQLUITestsLaunchTests.swift in Sources */ = {isa = PBXBuildFile; fileRef = 10DEBF91290C2F6100676E52 /* SwiftUiWithgraphQLUITestsLaunchTests.swift */; };
		10DEBFA0290C314600676E52 /* Apollo in Frameworks */ = {isa = PBXBuildFile; productRef = 10DEBF9F290C314600676E52 /* Apollo */; };
/* End PBXBuildFile section */

/* Begin PBXContainerItemProxy section */
		10DEBF82290C2F6100676E52 /* PBXContainerItemProxy */ = {
			isa = PBXContainerItemProxy;
			containerPortal = 10DEBF69290C2F6000676E52 /* Project object */;
			proxyType = 1;
			remoteGlobalIDString = 10DEBF70290C2F6000676E52;
			remoteInfo = SwiftUiWithgraphQL;
		};
		10DEBF8C290C2F6100676E52 /* PBXContainerItemProxy */ = {
			isa = PBXContainerItemProxy;
			containerPortal = 10DEBF69290C2F6000676E52 /* Project object */;
			proxyType = 1;
			remoteGlobalIDString = 10DEBF70290C2F6000676E52;
			remoteInfo = SwiftUiWithgraphQL;
		};
/* End PBXContainerItemProxy section */

/* Begin PBXFileReference section */
		10C30F45290F890C00107708 /* schema.json */ = {isa = PBXFileReference; fileEncoding = 4; lastKnownFileType = text.json; path = schema.json; sourceTree = "<group>"; };
		10C30F4A290F89A700107708 /* LaunchList.graphql */ = {isa = PBXFileReference; lastKnownFileType = text; path = LaunchList.graphql; sourceTree = "<group>"; };
		10DEBF71290C2F6000676E52 /* SwiftUiWithgraphQL.app */ = {isa = PBXFileReference; explicitFileType = wrapper.application; includeInIndex = 0; path = SwiftUiWithgraphQL.app; sourceTree = BUILT_PRODUCTS_DIR; };
		10DEBF74290C2F6000676E52 /* SwiftUiWithgraphQLApp.swift */ = {isa = PBXFileReference; lastKnownFileType = sourcecode.swift; path = SwiftUiWithgraphQLApp.swift; sourceTree = "<group>"; };
		10DEBF76290C2F6000676E52 /* ContentView.swift */ = {isa = PBXFileReference; lastKnownFileType = sourcecode.swift; path = ContentView.swift; sourceTree = "<group>"; };
		10DEBF78290C2F6100676E52 /* Assets.xcassets */ = {isa = PBXFileReference; lastKnownFileType = folder.assetcatalog; path = Assets.xcassets; sourceTree = "<group>"; };
		10DEBF7B290C2F6100676E52 /* Preview Assets.xcassets */ = {isa = PBXFileReference; lastKnownFileType = folder.assetcatalog; path = "Preview Assets.xcassets"; sourceTree = "<group>"; };
		10DEBF81290C2F6100676E52 /* SwiftUiWithgraphQLTests.xctest */ = {isa = PBXFileReference; explicitFileType = wrapper.cfbundle; includeInIndex = 0; path = SwiftUiWithgraphQLTests.xctest; sourceTree = BUILT_PRODUCTS_DIR; };
		10DEBF85290C2F6100676E52 /* SwiftUiWithgraphQLTests.swift */ = {isa = PBXFileReference; lastKnownFileType = sourcecode.swift; path = SwiftUiWithgraphQLTests.swift; sourceTree = "<group>"; };
		10DEBF8B290C2F6100676E52 /* SwiftUiWithgraphQLUITests.xctest */ = {isa = PBXFileReference; explicitFileType = wrapper.cfbundle; includeInIndex = 0; path = SwiftUiWithgraphQLUITests.xctest; sourceTree = BUILT_PRODUCTS_DIR; };
		10DEBF8F290C2F6100676E52 /* SwiftUiWithgraphQLUITests.swift */ = {isa = PBXFileReference; lastKnownFileType = sourcecode.swift; path = SwiftUiWithgraphQLUITests.swift; sourceTree = "<group>"; };
		10DEBF91290C2F6100676E52 /* SwiftUiWithgraphQLUITestsLaunchTests.swift */ = {isa = PBXFileReference; lastKnownFileType = sourcecode.swift; path = SwiftUiWithgraphQLUITestsLaunchTests.swift; sourceTree = "<group>"; };
/* End PBXFileReference section */

/* Begin PBXFrameworksBuildPhase section */
		10DEBF6E290C2F6000676E52 /* Frameworks */ = {
			isa = PBXFrameworksBuildPhase;
			buildActionMask = 2147483647;
			files = (
				10DEBFA0290C314600676E52 /* Apollo in Frameworks */,
			);
			runOnlyForDeploymentPostprocessing = 0;
		};
		10DEBF7E290C2F6100676E52 /* Frameworks */ = {
			isa = PBXFrameworksBuildPhase;
			buildActionMask = 2147483647;
			files = (
			);
			runOnlyForDeploymentPostprocessing = 0;
		};
		10DEBF88290C2F6100676E52 /* Frameworks */ = {
			isa = PBXFrameworksBuildPhase;
			buildActionMask = 2147483647;
			files = (
			);
			runOnlyForDeploymentPostprocessing = 0;
		};
/* End PBXFrameworksBuildPhase section */

/* Begin PBXGroup section */
		10DEBF68290C2F6000676E52 = {
			isa = PBXGroup;
			children = (
				10DEBF73290C2F6000676E52 /* SwiftUiWithgraphQL */,
				10DEBF84290C2F6100676E52 /* SwiftUiWithgraphQLTests */,
				10DEBF8E290C2F6100676E52 /* SwiftUiWithgraphQLUITests */,
				10DEBF72290C2F6000676E52 /* Products */,
			);
			sourceTree = "<group>";
		};
		10DEBF72290C2F6000676E52 /* Products */ = {
			isa = PBXGroup;
			children = (
				10DEBF71290C2F6000676E52 /* SwiftUiWithgraphQL.app */,
				10DEBF81290C2F6100676E52 /* SwiftUiWithgraphQLTests.xctest */,
				10DEBF8B290C2F6100676E52 /* SwiftUiWithgraphQLUITests.xctest */,
			);
			name = Products;
			sourceTree = "<group>";
		};
		10DEBF73290C2F6000676E52 /* SwiftUiWithgraphQL */ = {
			isa = PBXGroup;
			children = (
				10C30F45290F890C00107708 /* schema.json */,
				10DEBF74290C2F6000676E52 /* SwiftUiWithgraphQLApp.swift */,
				10DEBF76290C2F6000676E52 /* ContentView.swift */,
				10DEBF78290C2F6100676E52 /* Assets.xcassets */,
				10DEBF7A290C2F6100676E52 /* Preview Content */,
				10C30F4A290F89A700107708 /* LaunchList.graphql */,
			);
			path = SwiftUiWithgraphQL;
			sourceTree = "<group>";
		};
		10DEBF7A290C2F6100676E52 /* Preview Content */ = {
			isa = PBXGroup;
			children = (
				10DEBF7B290C2F6100676E52 /* Preview Assets.xcassets */,
			);
			path = "Preview Content";
			sourceTree = "<group>";
		};
		10DEBF84290C2F6100676E52 /* SwiftUiWithgraphQLTests */ = {
			isa = PBXGroup;
			children = (
				10DEBF85290C2F6100676E52 /* SwiftUiWithgraphQLTests.swift */,
			);
			path = SwiftUiWithgraphQLTests;
			sourceTree = "<group>";
		};
		10DEBF8E290C2F6100676E52 /* SwiftUiWithgraphQLUITests */ = {
			isa = PBXGroup;
			children = (
				10DEBF8F290C2F6100676E52 /* SwiftUiWithgraphQLUITests.swift */,
				10DEBF91290C2F6100676E52 /* SwiftUiWithgraphQLUITestsLaunchTests.swift */,
			);
			path = SwiftUiWithgraphQLUITests;
			sourceTree = "<group>";
		};
/* End PBXGroup section */

/* Begin PBXNativeTarget section */
		10DEBF70290C2F6000676E52 /* SwiftUiWithgraphQL */ = {
			isa = PBXNativeTarget;
			buildConfigurationList = 10DEBF95290C2F6100676E52 /* Build configuration list for PBXNativeTarget "SwiftUiWithgraphQL" */;
			buildPhases = (
				10C30F49290F898100107708 /* Generate Apollo GraphQL API */,
				10DEBF6D290C2F6000676E52 /* Sources */,
				10DEBF6E290C2F6000676E52 /* Frameworks */,
				10DEBF6F290C2F6000676E52 /* Resources */,
			);
			buildRules = (
			);
			dependencies = (
			);
			name = SwiftUiWithgraphQL;
			packageProductDependencies = (
				10DEBF9F290C314600676E52 /* Apollo */,
			);
			productName = SwiftUiWithgraphQL;
			productReference = 10DEBF71290C2F6000676E52 /* SwiftUiWithgraphQL.app */;
			productType = "com.apple.product-type.application";
		};
		10DEBF80290C2F6100676E52 /* SwiftUiWithgraphQLTests */ = {
			isa = PBXNativeTarget;
			buildConfigurationList = 10DEBF98290C2F6100676E52 /* Build configuration list for PBXNativeTarget "SwiftUiWithgraphQLTests" */;
			buildPhases = (
				10DEBF7D290C2F6100676E52 /* Sources */,
				10DEBF7E290C2F6100676E52 /* Frameworks */,
				10DEBF7F290C2F6100676E52 /* Resources */,
			);
			buildRules = (
			);
			dependencies = (
				10DEBF83290C2F6100676E52 /* PBXTargetDependency */,
			);
			name = SwiftUiWithgraphQLTests;
			productName = SwiftUiWithgraphQLTests;
			productReference = 10DEBF81290C2F6100676E52 /* SwiftUiWithgraphQLTests.xctest */;
			productType = "com.apple.product-type.bundle.unit-test";
		};
		10DEBF8A290C2F6100676E52 /* SwiftUiWithgraphQLUITests */ = {
			isa = PBXNativeTarget;
			buildConfigurationList = 10DEBF9B290C2F6100676E52 /* Build configuration list for PBXNativeTarget "SwiftUiWithgraphQLUITests" */;
			buildPhases = (
				10DEBF87290C2F6100676E52 /* Sources */,
				10DEBF88290C2F6100676E52 /* Frameworks */,
				10DEBF89290C2F6100676E52 /* Resources */,
			);
			buildRules = (
			);
			dependencies = (
				10DEBF8D290C2F6100676E52 /* PBXTargetDependency */,
			);
			name = SwiftUiWithgraphQLUITests;
			productName = SwiftUiWithgraphQLUITests;
			productReference = 10DEBF8B290C2F6100676E52 /* SwiftUiWithgraphQLUITests.xctest */;
			productType = "com.apple.product-type.bundle.ui-testing";
		};
/* End PBXNativeTarget section */

/* Begin PBXProject section */
		10DEBF69290C2F6000676E52 /* Project object */ = {
			isa = PBXProject;
			attributes = {
				BuildIndependentTargetsInParallel = 1;
				LastSwiftUpdateCheck = 1400;
				LastUpgradeCheck = 1400;
				TargetAttributes = {
					10DEBF70290C2F6000676E52 = {
						CreatedOnToolsVersion = 14.0.1;
					};
					10DEBF80290C2F6100676E52 = {
						CreatedOnToolsVersion = 14.0.1;
						TestTargetID = 10DEBF70290C2F6000676E52;
					};
					10DEBF8A290C2F6100676E52 = {
						CreatedOnToolsVersion = 14.0.1;
						TestTargetID = 10DEBF70290C2F6000676E52;
					};
				};
			};
			buildConfigurationList = 10DEBF6C290C2F6000676E52 /* Build configuration list for PBXProject "SwiftUiWithgraphQL" */;
			compatibilityVersion = "Xcode 14.0";
			developmentRegion = en;
			hasScannedForEncodings = 0;
			knownRegions = (
				en,
				Base,
			);
			mainGroup = 10DEBF68290C2F6000676E52;
			packageReferences = (
				10DEBF9E290C314600676E52 /* XCRemoteSwiftPackageReference "apollo-ios" */,
			);
			productRefGroup = 10DEBF72290C2F6000676E52 /* Products */;
			projectDirPath = "";
			projectRoot = "";
			targets = (
				10DEBF70290C2F6000676E52 /* SwiftUiWithgraphQL */,
				10DEBF80290C2F6100676E52 /* SwiftUiWithgraphQLTests */,
				10DEBF8A290C2F6100676E52 /* SwiftUiWithgraphQLUITests */,
			);
		};
/* End PBXProject section */

/* Begin PBXResourcesBuildPhase section */
		10DEBF6F290C2F6000676E52 /* Resources */ = {
			isa = PBXResourcesBuildPhase;
			buildActionMask = 2147483647;
			files = (
				10DEBF7C290C2F6100676E52 /* Preview Assets.xcassets in Resources */,
				10C30F46290F890C00107708 /* schema.json in Resources */,
				10DEBF79290C2F6100676E52 /* Assets.xcassets in Resources */,
			);
			runOnlyForDeploymentPostprocessing = 0;
		};
		10DEBF7F290C2F6100676E52 /* Resources */ = {
			isa = PBXResourcesBuildPhase;
			buildActionMask = 2147483647;
			files = (
			);
			runOnlyForDeploymentPostprocessing = 0;
		};
		10DEBF89290C2F6100676E52 /* Resources */ = {
			isa = PBXResourcesBuildPhase;
			buildActionMask = 2147483647;
			files = (
			);
			runOnlyForDeploymentPostprocessing = 0;
		};
/* End PBXResourcesBuildPhase section */

/* Begin PBXShellScriptBuildPhase section */
		10C30F49290F898100107708 /* Generate Apollo GraphQL API */ = {
			isa = PBXShellScriptBuildPhase;
			buildActionMask = 8;
			files = (
			);
			inputFileListPaths = (
			);
			inputPaths = (
			);
			name = "Generate Apollo GraphQL API";
			outputFileListPaths = (
			);
			outputPaths = (
			);
			runOnlyForDeploymentPostprocessing = 1;
			shellPath = /bin/sh;
			shellScript = "# Go to the build root and search up the chain to find the Derived Data Path where the source packages are checked out.\nDERIVED_DATA_CANDIDATE=\"${BUILD_ROOT}\"\n\nwhile ! [ -d \"${DERIVED_DATA_CANDIDATE}/SourcePackages\" ]; do\n  if [ \"${DERIVED_DATA_CANDIDATE}\" = / ]; then\n    echo >&2 \"error: Unable to locate SourcePackages directory from BUILD_ROOT: '${BUILD_ROOT}'\"\n    exit 1\n  fi\n\n  DERIVED_DATA_CANDIDATE=\"$(dirname \"${DERIVED_DATA_CANDIDATE}\")\"\ndone\n\n# Grab a reference to the directory where scripts are checked out\nSCRIPT_PATH=\"${DERIVED_DATA_CANDIDATE}/SourcePackages/checkouts/apollo-ios/scripts\"\n\nif [ -z \"${SCRIPT_PATH}\" ]; then\n    echo >&2 \"error: Couldn't find the CLI script in your checked out SPM packages; make sure to add the framework to your project.\"\n    exit 1\nfi\n\ncd \"${SRCROOT}/${TARGET_NAME}\"\n\n\"${SCRIPT_PATH}\"/run-bundled-codegen.sh schema:download --endpoint=https://swapi-graphql.netlify.app/.netlify/functions/index/query schema.json\n\n\"${SCRIPT_PATH}\"/run-bundled-codegen.sh codegen:generate --target=swift --includes=./**/*.graphql --localSchemaFile=\"schema.json\" API.swift\n";
		};
/* End PBXShellScriptBuildPhase section */

/* Begin PBXSourcesBuildPhase section */
		10DEBF6D290C2F6000676E52 /* Sources */ = {
			isa = PBXSourcesBuildPhase;
			buildActionMask = 2147483647;
			files = (
				10DEBF77290C2F6000676E52 /* ContentView.swift in Sources */,
				10C30F4B290F89A700107708 /* LaunchList.graphql in Sources */,
				10DEBF75290C2F6000676E52 /* SwiftUiWithgraphQLApp.swift in Sources */,
			);
			runOnlyForDeploymentPostprocessing = 0;
		};
		10DEBF7D290C2F6100676E52 /* Sources */ = {
			isa = PBXSourcesBuildPhase;
			buildActionMask = 2147483647;
			files = (
				10DEBF86290C2F6100676E52 /* SwiftUiWithgraphQLTests.swift in Sources */,
			);
			runOnlyForDeploymentPostprocessing = 0;
		};
		10DEBF87290C2F6100676E52 /* Sources */ = {
			isa = PBXSourcesBuildPhase;
			buildActionMask = 2147483647;
			files = (
				10DEBF92290C2F6100676E52 /* SwiftUiWithgraphQLUITestsLaunchTests.swift in Sources */,
				10DEBF90290C2F6100676E52 /* SwiftUiWithgraphQLUITests.swift in Sources */,
			);
			runOnlyForDeploymentPostprocessing = 0;
		};
/* End PBXSourcesBuildPhase section */

/* Begin PBXTargetDependency section */
		10DEBF83290C2F6100676E52 /* PBXTargetDependency */ = {
			isa = PBXTargetDependency;
			target = 10DEBF70290C2F6000676E52 /* SwiftUiWithgraphQL */;
			targetProxy = 10DEBF82290C2F6100676E52 /* PBXContainerItemProxy */;
		};
		10DEBF8D290C2F6100676E52 /* PBXTargetDependency */ = {
			isa = PBXTargetDependency;
			target = 10DEBF70290C2F6000676E52 /* SwiftUiWithgraphQL */;
			targetProxy = 10DEBF8C290C2F6100676E52 /* PBXContainerItemProxy */;
		};
/* End PBXTargetDependency section */

/* Begin XCBuildConfiguration section */
		10DEBF93290C2F6100676E52 /* Debug */ = {
			isa = XCBuildConfiguration;
			buildSettings = {
				ALWAYS_SEARCH_USER_PATHS = NO;
				CLANG_ANALYZER_NONNULL = YES;
				CLANG_ANALYZER_NUMBER_OBJECT_CONVERSION = YES_AGGRESSIVE;
				CLANG_CXX_LANGUAGE_STANDARD = "gnu++20";
				CLANG_ENABLE_MODULES = YES;
				CLANG_ENABLE_OBJC_ARC = YES;
				CLANG_ENABLE_OBJC_WEAK = YES;
				CLANG_WARN_BLOCK_CAPTURE_AUTORELEASING = YES;
				CLANG_WARN_BOOL_CONVERSION = YES;
				CLANG_WARN_COMMA = YES;
				CLANG_WARN_CONSTANT_CONVERSION = YES;
				CLANG_WARN_DEPRECATED_OBJC_IMPLEMENTATIONS = YES;
				CLANG_WARN_DIRECT_OBJC_ISA_USAGE = YES_ERROR;
				CLANG_WARN_DOCUMENTATION_COMMENTS = YES;
				CLANG_WARN_EMPTY_BODY = YES;
				CLANG_WARN_ENUM_CONVERSION = YES;
				CLANG_WARN_INFINITE_RECURSION = YES;
				CLANG_WARN_INT_CONVERSION = YES;
				CLANG_WARN_NON_LITERAL_NULL_CONVERSION = YES;
				CLANG_WARN_OBJC_IMPLICIT_RETAIN_SELF = YES;
				CLANG_WARN_OBJC_LITERAL_CONVERSION = YES;
				CLANG_WARN_OBJC_ROOT_CLASS = YES_ERROR;
				CLANG_WARN_QUOTED_INCLUDE_IN_FRAMEWORK_HEADER = YES;
				CLANG_WARN_RANGE_LOOP_ANALYSIS = YES;
				CLANG_WARN_STRICT_PROTOTYPES = YES;
				CLANG_WARN_SUSPICIOUS_MOVE = YES;
				CLANG_WARN_UNGUARDED_AVAILABILITY = YES_AGGRESSIVE;
				CLANG_WARN_UNREACHABLE_CODE = YES;
				CLANG_WARN__DUPLICATE_METHOD_MATCH = YES;
				COPY_PHASE_STRIP = NO;
				DEBUG_INFORMATION_FORMAT = dwarf;
				ENABLE_STRICT_OBJC_MSGSEND = YES;
				ENABLE_TESTABILITY = YES;
				GCC_C_LANGUAGE_STANDARD = gnu11;
				GCC_DYNAMIC_NO_PIC = NO;
				GCC_NO_COMMON_BLOCKS = YES;
				GCC_OPTIMIZATION_LEVEL = 0;
				GCC_PREPROCESSOR_DEFINITIONS = (
					"DEBUG=1",
					"$(inherited)",
				);
				GCC_WARN_64_TO_32_BIT_CONVERSION = YES;
				GCC_WARN_ABOUT_RETURN_TYPE = YES_ERROR;
				GCC_WARN_UNDECLARED_SELECTOR = YES;
				GCC_WARN_UNINITIALIZED_AUTOS = YES_AGGRESSIVE;
				GCC_WARN_UNUSED_FUNCTION = YES;
				GCC_WARN_UNUSED_VARIABLE = YES;
				IPHONEOS_DEPLOYMENT_TARGET = 16.0;
				MTL_ENABLE_DEBUG_INFO = INCLUDE_SOURCE;
				MTL_FAST_MATH = YES;
				ONLY_ACTIVE_ARCH = YES;
				SDKROOT = iphoneos;
				SWIFT_ACTIVE_COMPILATION_CONDITIONS = DEBUG;
				SWIFT_OPTIMIZATION_LEVEL = "-Onone";
			};
			name = Debug;
		};
		10DEBF94290C2F6100676E52 /* Release */ = {
			isa = XCBuildConfiguration;
			buildSettings = {
				ALWAYS_SEARCH_USER_PATHS = NO;
				CLANG_ANALYZER_NONNULL = YES;
				CLANG_ANALYZER_NUMBER_OBJECT_CONVERSION = YES_AGGRESSIVE;
				CLANG_CXX_LANGUAGE_STANDARD = "gnu++20";
				CLANG_ENABLE_MODULES = YES;
				CLANG_ENABLE_OBJC_ARC = YES;
				CLANG_ENABLE_OBJC_WEAK = YES;
				CLANG_WARN_BLOCK_CAPTURE_AUTORELEASING = YES;
				CLANG_WARN_BOOL_CONVERSION = YES;
				CLANG_WARN_COMMA = YES;
				CLANG_WARN_CONSTANT_CONVERSION = YES;
				CLANG_WARN_DEPRECATED_OBJC_IMPLEMENTATIONS = YES;
				CLANG_WARN_DIRECT_OBJC_ISA_USAGE = YES_ERROR;
				CLANG_WARN_DOCUMENTATION_COMMENTS = YES;
				CLANG_WARN_EMPTY_BODY = YES;
				CLANG_WARN_ENUM_CONVERSION = YES;
				CLANG_WARN_INFINITE_RECURSION = YES;
				CLANG_WARN_INT_CONVERSION = YES;
				CLANG_WARN_NON_LITERAL_NULL_CONVERSION = YES;
				CLANG_WARN_OBJC_IMPLICIT_RETAIN_SELF = YES;
				CLANG_WARN_OBJC_LITERAL_CONVERSION = YES;
				CLANG_WARN_OBJC_ROOT_CLASS = YES_ERROR;
				CLANG_WARN_QUOTED_INCLUDE_IN_FRAMEWORK_HEADER = YES;
				CLANG_WARN_RANGE_LOOP_ANALYSIS = YES;
				CLANG_WARN_STRICT_PROTOTYPES = YES;
				CLANG_WARN_SUSPICIOUS_MOVE = YES;
				CLANG_WARN_UNGUARDED_AVAILABILITY = YES_AGGRESSIVE;
				CLANG_WARN_UNREACHABLE_CODE = YES;
				CLANG_WARN__DUPLICATE_METHOD_MATCH = YES;
				COPY_PHASE_STRIP = NO;
				DEBUG_INFORMATION_FORMAT = "dwarf-with-dsym";
				ENABLE_NS_ASSERTIONS = NO;
				ENABLE_STRICT_OBJC_MSGSEND = YES;
				GCC_C_LANGUAGE_STANDARD = gnu11;
				GCC_NO_COMMON_BLOCKS = YES;
				GCC_WARN_64_TO_32_BIT_CONVERSION = YES;
				GCC_WARN_ABOUT_RETURN_TYPE = YES_ERROR;
				GCC_WARN_UNDECLARED_SELECTOR = YES;
				GCC_WARN_UNINITIALIZED_AUTOS = YES_AGGRESSIVE;
				GCC_WARN_UNUSED_FUNCTION = YES;
				GCC_WARN_UNUSED_VARIABLE = YES;
				IPHONEOS_DEPLOYMENT_TARGET = 16.0;
				MTL_ENABLE_DEBUG_INFO = NO;
				MTL_FAST_MATH = YES;
				SDKROOT = iphoneos;
				SWIFT_COMPILATION_MODE = wholemodule;
				SWIFT_OPTIMIZATION_LEVEL = "-O";
				VALIDATE_PRODUCT = YES;
			};
			name = Release;
		};
		10DEBF96290C2F6100676E52 /* Debug */ = {
			isa = XCBuildConfiguration;
			buildSettings = {
				ASSETCATALOG_COMPILER_APPICON_NAME = AppIcon;
				ASSETCATALOG_COMPILER_GLOBAL_ACCENT_COLOR_NAME = AccentColor;
				CODE_SIGN_STYLE = Automatic;
				CURRENT_PROJECT_VERSION = 1;
				DEVELOPMENT_ASSET_PATHS = "\"SwiftUiWithgraphQL/Preview Content\"";
				DEVELOPMENT_TEAM = 878HTQX44Y;
				ENABLE_PREVIEWS = YES;
				GENERATE_INFOPLIST_FILE = YES;
				INFOPLIST_KEY_UIApplicationSceneManifest_Generation = YES;
				INFOPLIST_KEY_UIApplicationSupportsIndirectInputEvents = YES;
				INFOPLIST_KEY_UILaunchScreen_Generation = YES;
				INFOPLIST_KEY_UISupportedInterfaceOrientations_iPad = "UIInterfaceOrientationPortrait UIInterfaceOrientationPortraitUpsideDown UIInterfaceOrientationLandscapeLeft UIInterfaceOrientationLandscapeRight";
				INFOPLIST_KEY_UISupportedInterfaceOrientations_iPhone = "UIInterfaceOrientationPortrait UIInterfaceOrientationLandscapeLeft UIInterfaceOrientationLandscapeRight";
				LD_RUNPATH_SEARCH_PATHS = (
					"$(inherited)",
					"@executable_path/Frameworks",
				);
				MARKETING_VERSION = 1.0;
				PRODUCT_BUNDLE_IDENTIFIER = Gurungboi.SwiftUiWithgraphQL;
				PRODUCT_NAME = "$(TARGET_NAME)";
				SWIFT_EMIT_LOC_STRINGS = YES;
				SWIFT_VERSION = 5.0;
				TARGETED_DEVICE_FAMILY = "1,2";
			};
			name = Debug;
		};
		10DEBF97290C2F6100676E52 /* Release */ = {
			isa = XCBuildConfiguration;
			buildSettings = {
				ASSETCATALOG_COMPILER_APPICON_NAME = AppIcon;
				ASSETCATALOG_COMPILER_GLOBAL_ACCENT_COLOR_NAME = AccentColor;
				CODE_SIGN_STYLE = Automatic;
				CURRENT_PROJECT_VERSION = 1;
				DEVELOPMENT_ASSET_PATHS = "\"SwiftUiWithgraphQL/Preview Content\"";
				DEVELOPMENT_TEAM = 878HTQX44Y;
				ENABLE_PREVIEWS = YES;
				GENERATE_INFOPLIST_FILE = YES;
				INFOPLIST_KEY_UIApplicationSceneManifest_Generation = YES;
				INFOPLIST_KEY_UIApplicationSupportsIndirectInputEvents = YES;
				INFOPLIST_KEY_UILaunchScreen_Generation = YES;
				INFOPLIST_KEY_UISupportedInterfaceOrientations_iPad = "UIInterfaceOrientationPortrait UIInterfaceOrientationPortraitUpsideDown UIInterfaceOrientationLandscapeLeft UIInterfaceOrientationLandscapeRight";
				INFOPLIST_KEY_UISupportedInterfaceOrientations_iPhone = "UIInterfaceOrientationPortrait UIInterfaceOrientationLandscapeLeft UIInterfaceOrientationLandscapeRight";
				LD_RUNPATH_SEARCH_PATHS = (
					"$(inherited)",
					"@executable_path/Frameworks",
				);
				MARKETING_VERSION = 1.0;
				PRODUCT_BUNDLE_IDENTIFIER = Gurungboi.SwiftUiWithgraphQL;
				PRODUCT_NAME = "$(TARGET_NAME)";
				SWIFT_EMIT_LOC_STRINGS = YES;
				SWIFT_VERSION = 5.0;
				TARGETED_DEVICE_FAMILY = "1,2";
			};
			name = Release;
		};
		10DEBF99290C2F6100676E52 /* Debug */ = {
			isa = XCBuildConfiguration;
			buildSettings = {
				ALWAYS_EMBED_SWIFT_STANDARD_LIBRARIES = YES;
				BUNDLE_LOADER = "$(TEST_HOST)";
				CODE_SIGN_STYLE = Automatic;
				CURRENT_PROJECT_VERSION = 1;
				DEVELOPMENT_TEAM = 878HTQX44Y;
				GENERATE_INFOPLIST_FILE = YES;
				IPHONEOS_DEPLOYMENT_TARGET = 16.0;
				MARKETING_VERSION = 1.0;
				PRODUCT_BUNDLE_IDENTIFIER = Gurungboi.SwiftUiWithgraphQLTests;
				PRODUCT_NAME = "$(TARGET_NAME)";
				SWIFT_EMIT_LOC_STRINGS = NO;
				SWIFT_VERSION = 5.0;
				TARGETED_DEVICE_FAMILY = "1,2";
				TEST_HOST = "$(BUILT_PRODUCTS_DIR)/SwiftUiWithgraphQL.app/$(BUNDLE_EXECUTABLE_FOLDER_PATH)/SwiftUiWithgraphQL";
			};
			name = Debug;
		};
		10DEBF9A290C2F6100676E52 /* Release */ = {
			isa = XCBuildConfiguration;
			buildSettings = {
				ALWAYS_EMBED_SWIFT_STANDARD_LIBRARIES = YES;
				BUNDLE_LOADER = "$(TEST_HOST)";
				CODE_SIGN_STYLE = Automatic;
				CURRENT_PROJECT_VERSION = 1;
				DEVELOPMENT_TEAM = 878HTQX44Y;
				GENERATE_INFOPLIST_FILE = YES;
				IPHONEOS_DEPLOYMENT_TARGET = 16.0;
				MARKETING_VERSION = 1.0;
				PRODUCT_BUNDLE_IDENTIFIER = Gurungboi.SwiftUiWithgraphQLTests;
				PRODUCT_NAME = "$(TARGET_NAME)";
				SWIFT_EMIT_LOC_STRINGS = NO;
				SWIFT_VERSION = 5.0;
				TARGETED_DEVICE_FAMILY = "1,2";
				TEST_HOST = "$(BUILT_PRODUCTS_DIR)/SwiftUiWithgraphQL.app/$(BUNDLE_EXECUTABLE_FOLDER_PATH)/SwiftUiWithgraphQL";
			};
			name = Release;
		};
		10DEBF9C290C2F6100676E52 /* Debug */ = {
			isa = XCBuildConfiguration;
			buildSettings = {
				ALWAYS_EMBED_SWIFT_STANDARD_LIBRARIES = YES;
				CODE_SIGN_STYLE = Automatic;
				CURRENT_PROJECT_VERSION = 1;
				DEVELOPMENT_TEAM = 878HTQX44Y;
				GENERATE_INFOPLIST_FILE = YES;
				MARKETING_VERSION = 1.0;
				PRODUCT_BUNDLE_IDENTIFIER = Gurungboi.SwiftUiWithgraphQLUITests;
				PRODUCT_NAME = "$(TARGET_NAME)";
				SWIFT_EMIT_LOC_STRINGS = NO;
				SWIFT_VERSION = 5.0;
				TARGETED_DEVICE_FAMILY = "1,2";
				TEST_TARGET_NAME = SwiftUiWithgraphQL;
			};
			name = Debug;
		};
		10DEBF9D290C2F6100676E52 /* Release */ = {
			isa = XCBuildConfiguration;
			buildSettings = {
				ALWAYS_EMBED_SWIFT_STANDARD_LIBRARIES = YES;
				CODE_SIGN_STYLE = Automatic;
				CURRENT_PROJECT_VERSION = 1;
				DEVELOPMENT_TEAM = 878HTQX44Y;
				GENERATE_INFOPLIST_FILE = YES;
				MARKETING_VERSION = 1.0;
				PRODUCT_BUNDLE_IDENTIFIER = Gurungboi.SwiftUiWithgraphQLUITests;
				PRODUCT_NAME = "$(TARGET_NAME)";
				SWIFT_EMIT_LOC_STRINGS = NO;
				SWIFT_VERSION = 5.0;
				TARGETED_DEVICE_FAMILY = "1,2";
				TEST_TARGET_NAME = SwiftUiWithgraphQL;
			};
			name = Release;
		};
/* End XCBuildConfiguration section */

/* Begin XCConfigurationList section */
		10DEBF6C290C2F6000676E52 /* Build configuration list for PBXProject "SwiftUiWithgraphQL" */ = {
			isa = XCConfigurationList;
			buildConfigurations = (
				10DEBF93290C2F6100676E52 /* Debug */,
				10DEBF94290C2F6100676E52 /* Release */,
			);
			defaultConfigurationIsVisible = 0;
			defaultConfigurationName = Release;
		};
		10DEBF95290C2F6100676E52 /* Build configuration list for PBXNativeTarget "SwiftUiWithgraphQL" */ = {
			isa = XCConfigurationList;
			buildConfigurations = (
				10DEBF96290C2F6100676E52 /* Debug */,
				10DEBF97290C2F6100676E52 /* Release */,
			);
			defaultConfigurationIsVisible = 0;
			defaultConfigurationName = Release;
		};
		10DEBF98290C2F6100676E52 /* Build configuration list for PBXNativeTarget "SwiftUiWithgraphQLTests" */ = {
			isa = XCConfigurationList;
			buildConfigurations = (
				10DEBF99290C2F6100676E52 /* Debug */,
				10DEBF9A290C2F6100676E52 /* Release */,
			);
			defaultConfigurationIsVisible = 0;
			defaultConfigurationName = Release;
		};
		10DEBF9B290C2F6100676E52 /* Build configuration list for PBXNativeTarget "SwiftUiWithgraphQLUITests" */ = {
			isa = XCConfigurationList;
			buildConfigurations = (
				10DEBF9C290C2F6100676E52 /* Debug */,
				10DEBF9D290C2F6100676E52 /* Release */,
			);
			defaultConfigurationIsVisible = 0;
			defaultConfigurationName = Release;
		};
/* End XCConfigurationList section */

/* Begin XCRemoteSwiftPackageReference section */
		10DEBF9E290C314600676E52 /* XCRemoteSwiftPackageReference "apollo-ios" */ = {
			isa = XCRemoteSwiftPackageReference;
			repositoryURL = "https://github.com/apollographql/apollo-ios.git";
			requirement = {
				kind = upToNextMinorVersion;
				minimumVersion = 1.0.0;
			};
		};
/* End XCRemoteSwiftPackageReference section */

/* Begin XCSwiftPackageProductDependency section */
		10DEBF9F290C314600676E52 /* Apollo */ = {
			isa = XCSwiftPackageProductDependency;
			package = 10DEBF9E290C314600676E52 /* XCRemoteSwiftPackageReference "apollo-ios" */;
			productName = Apollo;
		};
/* End XCSwiftPackageProductDependency section */
	};
	rootObject = 10DEBF69290C2F6000676E52 /* Project object */;
}
